
Microsoft Visual Studio Solution File, Format Version 12.00
# Visual Studio Version 17
VisualStudioVersion = 17.9.34723.18
MinimumVisualStudioVersion = 10.0.40219.1
Project("{9A19103F-16F7-4668-BE54-9A1E7A4F7556}") = "Assignment_PRN212_TicketResellPlatform", "Assignment_PRN212_TicketResellPlatform\Assignment_PRN212_TicketResellPlatform.csproj", "{F6F1156E-67B8-4737-A7D7-3D99D9F0C8D6}"
EndProject
Project("{FAE04EC0-301F-11D3-BF4B-00C04F79EFBC}") = "BusinessObject", "BusinessObject\BusinessObject.csproj", "{EE171CC9-B614-4191-965E-EF11B332E685}"
EndProject
Project("{FAE04EC0-301F-11D3-BF4B-00C04F79EFBC}") = "DataAccessObject", "DataAccessObject\DataAccessObject.csproj", "{D2523929-B4CA-4818-805F-B6723A71DB5C}"
EndProject
Project("{FAE04EC0-301F-11D3-BF4B-00C04F79EFBC}") = "Repository", "Repository\Repository.csproj", "{E51F859A-CD40-4678-8461-2044E0E72961}"
EndProject
Project("{FAE04EC0-301F-11D3-BF4B-00C04F79EFBC}") = "Service", "Service\Service.csproj", "{F9E66F1A-FC6A-4289-BC44-1C236AF47A5D}"
EndProject
Global
	GlobalSection(SolutionConfigurationPlatforms) = preSolution
		Debug|Any CPU = Debug|Any CPU
		Release|Any CPU = Release|Any CPU
	EndGlobalSection
	GlobalSection(ProjectConfigurationPlatforms) = postSolution
		{F6F1156E-67B8-4737-A7D7-3D99D9F0C8D6}.Debug|Any CPU.ActiveCfg = Debug|Any CPU
		{F6F1156E-67B8-4737-A7D7-3D99D9F0C8D6}.Debug|Any CPU.Build.0 = Debug|Any CPU
		{F6F1156E-67B8-4737-A7D7-3D99D9F0C8D6}.Release|Any CPU.ActiveCfg = Release|Any CPU
		{F6F1156E-67B8-4737-A7D7-3D99D9F0C8D6}.Release|Any CPU.Build.0 = Release|Any CPU
		{EE171CC9-B614-4191-965E-EF11B332E685}.Debug|Any CPU.ActiveCfg = Debug|Any CPU
		{EE171CC9-B614-4191-965E-EF11B332E685}.Debug|Any CPU.Build.0 = Debug|Any CPU
		{EE171CC9-B614-4191-965E-EF11B332E685}.Release|Any CPU.ActiveCfg = Release|Any CPU
		{EE171CC9-B614-4191-965E-EF11B332E685}.Release|Any CPU.Build.0 = Release|Any CPU
		{D2523929-B4CA-4818-805F-B6723A71DB5C}.Debug|Any CPU.ActiveCfg = Debug|Any CPU
		{D2523929-B4CA-4818-805F-B6723A71DB5C}.Debug|Any CPU.Build.0 = Debug|Any CPU
		{D2523929-B4CA-4818-805F-B6723A71DB5C}.Release|Any CPU.ActiveCfg = Release|Any CPU
		{D2523929-B4CA-4818-805F-B6723A71DB5C}.Release|Any CPU.Build.0 = Release|Any CPU
		{E51F859A-CD40-4678-8461-2044E0E72961}.Debug|Any CPU.ActiveCfg = Debug|Any CPU
		{E51F859A-CD40-4678-8461-2044E0E72961}.Debug|Any CPU.Build.0 = Debug|Any CPU
		{E51F859A-CD40-4678-8461-2044E0E72961}.Release|Any CPU.ActiveCfg = Release|Any CPU
		{E51F859A-CD40-4678-8461-2044E0E72961}.Release|Any CPU.Build.0 = Release|Any CPU
		{F9E66F1A-FC6A-4289-BC44-1C236AF47A5D}.Debug|Any CPU.ActiveCfg = Debug|Any CPU
		{F9E66F1A-FC6A-4289-BC44-1C236AF47A5D}.Debug|Any CPU.Build.0 = Debug|Any CPU
		{F9E66F1A-FC6A-4289-BC44-1C236AF47A5D}.Release|Any CPU.ActiveCfg = Release|Any CPU
		{F9E66F1A-FC6A-4289-BC44-1C236AF47A5D}.Release|Any CPU.Build.0 = Release|Any CPU
	EndGlobalSection
	GlobalSection(SolutionProperties) = preSolution
		HideSolutionNode = FALSE
	EndGlobalSection
	GlobalSection(ExtensibilityGlobals) = postSolution
		SolutionGuid = {C01D8ABC-6CF2-49EA-AA56-7F1901180D58}
	EndGlobalSection
EndGlobal
